
Microsoft Visual Studio Solution File, Format Version 12.00
# Visual Studio Version 16
VisualStudioVersion = 16.0.30413.136
MinimumVisualStudioVersion = 10.0.40219.1
Project("{FAE04EC0-301F-11D3-BF4B-00C04F79EFBC}") = "IgDotNetAPI", "IgDotNetAPI\IgDotNetAPI.csproj", "{D45AA8C6-E955-46E1-A584-E3810E3C6F02}"
EndProject
Global
	GlobalSection(SolutionConfigurationPlatforms) = preSolution
		Debug|Any CPU = Debug|Any CPU
		Release|Any CPU = Release|Any CPU
	EndGlobalSection
	GlobalSection(ProjectConfigurationPlatforms) = postSolution
		{D45AA8C6-E955-46E1-A584-E3810E3C6F02}.Debug|Any CPU.ActiveCfg = Debug|Any CPU
		{D45AA8C6-E955-46E1-A584-E3810E3C6F02}.Debug|Any CPU.Build.0 = Debug|Any CPU
		{D45AA8C6-E955-46E1-A584-E3810E3C6F02}.Release|Any CPU.ActiveCfg = Release|Any CPU
		{D45AA8C6-E955-46E1-A584-E3810E3C6F02}.Release|Any CPU.Build.0 = Release|Any CPU
	EndGlobalSection
	GlobalSection(SolutionProperties) = preSolution
		HideSolutionNode = FALSE
	EndGlobalSection
	GlobalSection(ExtensibilityGlobals) = postSolution
		SolutionGuid = {6E13FFAF-E2AC-4F22-9531-351DF40AFD1C}
	EndGlobalSection
EndGlobal
